// !$*UTF8*$!
{
	archiveVersion = 1;
	classes = {
	};
	objectVersion = 56;
	objects = {

/* Begin PBXBuildFile section */
		4A1826982D369A5F00C6878F /* Assets.xcassets in Resources */ = {isa = PBXBuildFile; fileRef = 4A1826972D369A5E00C6878F /* Assets.xcassets */; };
		4A18269A2D369AB800C6878F /* AppDelegate.swift in Sources */ = {isa = PBXBuildFile; fileRef = 4A1826992D369AB800C6878F /* AppDelegate.swift */; };
		4A73CFC12D3663B600B46FDE /* HIDKeyboardMonitor.swift in Sources */ = {isa = PBXBuildFile; fileRef = 4A73CFC02D3663B600B46FDE /* HIDKeyboardMonitor.swift */; };
		4A73CFC52D366F2300B46FDE /* CoreDataHelpers.swift in Sources */ = {isa = PBXBuildFile; fileRef = 4A73CFC42D366F2300B46FDE /* CoreDataHelpers.swift */; };
		4A73CFC82D366F3900B46FDE /* WPMtrackerModel.xcdatamodeld in Sources */ = {isa = PBXBuildFile; fileRef = 4A73CFC62D366F3900B46FDE /* WPMtrackerModel.xcdatamodeld */; };
		4A73CFCA2D36746200B46FDE /* PreviewPersistentContainer.swift in Sources */ = {isa = PBXBuildFile; fileRef = 4A73CFC92D36746200B46FDE /* PreviewPersistentContainer.swift */; };
		4AA23AB02D335D90004EBAE1 /* scrolltestApp.swift in Sources */ = {isa = PBXBuildFile; fileRef = 4AA23AAF2D335D90004EBAE1 /* scrolltestApp.swift */; };
		4AA23AB22D335D90004EBAE1 /* ContentView.swift in Sources */ = {isa = PBXBuildFile; fileRef = 4AA23AB12D335D90004EBAE1 /* ContentView.swift */; };
		4AA23AB72D335D92004EBAE1 /* Preview Assets.xcassets in Resources */ = {isa = PBXBuildFile; fileRef = 4AA23AB62D335D92004EBAE1 /* Preview Assets.xcassets */; };
		4AA23AC22D335D92004EBAE1 /* scrolltestTests.swift in Sources */ = {isa = PBXBuildFile; fileRef = 4AA23AC12D335D92004EBAE1 /* scrolltestTests.swift */; };
		4AA23ACC2D335D92004EBAE1 /* scrolltestUITests.swift in Sources */ = {isa = PBXBuildFile; fileRef = 4AA23ACB2D335D92004EBAE1 /* scrolltestUITests.swift */; };
		4AA23ACE2D335D92004EBAE1 /* scrolltestUITestsLaunchTests.swift in Sources */ = {isa = PBXBuildFile; fileRef = 4AA23ACD2D335D92004EBAE1 /* scrolltestUITestsLaunchTests.swift */; };
/* End PBXBuildFile section */

/* Begin PBXContainerItemProxy section */
		4AA23ABE2D335D92004EBAE1 /* PBXContainerItemProxy */ = {
			isa = PBXContainerItemProxy;
			containerPortal = 4AA23AA42D335D90004EBAE1 /* Project object */;
			proxyType = 1;
			remoteGlobalIDString = 4AA23AAB2D335D90004EBAE1;
			remoteInfo = scrolltest;
		};
		4AA23AC82D335D92004EBAE1 /* PBXContainerItemProxy */ = {
			isa = PBXContainerItemProxy;
			containerPortal = 4AA23AA42D335D90004EBAE1 /* Project object */;
			proxyType = 1;
			remoteGlobalIDString = 4AA23AAB2D335D90004EBAE1;
			remoteInfo = scrolltest;
		};
/* End PBXContainerItemProxy section */

/* Begin PBXFileReference section */
		4A1826972D369A5E00C6878F /* Assets.xcassets */ = {isa = PBXFileReference; lastKnownFileType = folder.assetcatalog; name = Assets.xcassets; path = "../../../../../Downloads/App Icon Generator/Assets.xcassets"; sourceTree = "<group>"; };
		4A1826992D369AB800C6878F /* AppDelegate.swift */ = {isa = PBXFileReference; lastKnownFileType = sourcecode.swift; path = AppDelegate.swift; sourceTree = "<group>"; };
		4A73CFC02D3663B600B46FDE /* HIDKeyboardMonitor.swift */ = {isa = PBXFileReference; lastKnownFileType = sourcecode.swift; path = HIDKeyboardMonitor.swift; sourceTree = "<group>"; };
		4A73CFC42D366F2300B46FDE /* CoreDataHelpers.swift */ = {isa = PBXFileReference; lastKnownFileType = sourcecode.swift; path = CoreDataHelpers.swift; sourceTree = "<group>"; };
		4A73CFC72D366F3900B46FDE /* WPMtrackerModel.xcdatamodel */ = {isa = PBXFileReference; lastKnownFileType = wrapper.xcdatamodel; path = WPMtrackerModel.xcdatamodel; sourceTree = "<group>"; };
		4A73CFC92D36746200B46FDE /* PreviewPersistentContainer.swift */ = {isa = PBXFileReference; fileEncoding = 4; lastKnownFileType = sourcecode.swift; path = PreviewPersistentContainer.swift; sourceTree = "<group>"; };
		4AA23AAC2D335D90004EBAE1 /* scrolltest.app */ = {isa = PBXFileReference; explicitFileType = wrapper.application; includeInIndex = 0; path = scrolltest.app; sourceTree = BUILT_PRODUCTS_DIR; };
		4AA23AAF2D335D90004EBAE1 /* scrolltestApp.swift */ = {isa = PBXFileReference; lastKnownFileType = sourcecode.swift; path = scrolltestApp.swift; sourceTree = "<group>"; };
		4AA23AB12D335D90004EBAE1 /* ContentView.swift */ = {isa = PBXFileReference; lastKnownFileType = sourcecode.swift; path = ContentView.swift; sourceTree = "<group>"; };
		4AA23AB62D335D92004EBAE1 /* Preview Assets.xcassets */ = {isa = PBXFileReference; lastKnownFileType = folder.assetcatalog; path = "Preview Assets.xcassets"; sourceTree = "<group>"; };
		4AA23AB82D335D92004EBAE1 /* scrolltest.entitlements */ = {isa = PBXFileReference; lastKnownFileType = text.plist.entitlements; path = scrolltest.entitlements; sourceTree = "<group>"; };
		4AA23ABD2D335D92004EBAE1 /* scrolltestTests.xctest */ = {isa = PBXFileReference; explicitFileType = wrapper.cfbundle; includeInIndex = 0; path = scrolltestTests.xctest; sourceTree = BUILT_PRODUCTS_DIR; };
		4AA23AC12D335D92004EBAE1 /* scrolltestTests.swift */ = {isa = PBXFileReference; lastKnownFileType = sourcecode.swift; path = scrolltestTests.swift; sourceTree = "<group>"; };
		4AA23AC72D335D92004EBAE1 /* scrolltestUITests.xctest */ = {isa = PBXFileReference; explicitFileType = wrapper.cfbundle; includeInIndex = 0; path = scrolltestUITests.xctest; sourceTree = BUILT_PRODUCTS_DIR; };
		4AA23ACB2D335D92004EBAE1 /* scrolltestUITests.swift */ = {isa = PBXFileReference; lastKnownFileType = sourcecode.swift; path = scrolltestUITests.swift; sourceTree = "<group>"; };
		4AA23ACD2D335D92004EBAE1 /* scrolltestUITestsLaunchTests.swift */ = {isa = PBXFileReference; lastKnownFileType = sourcecode.swift; path = scrolltestUITestsLaunchTests.swift; sourceTree = "<group>"; };
/* End PBXFileReference section */

/* Begin PBXFrameworksBuildPhase section */
		4AA23AA92D335D90004EBAE1 /* Frameworks */ = {
			isa = PBXFrameworksBuildPhase;
			buildActionMask = 2147483647;
			files = (
			);
			runOnlyForDeploymentPostprocessing = 0;
		};
		4AA23ABA2D335D92004EBAE1 /* Frameworks */ = {
			isa = PBXFrameworksBuildPhase;
			buildActionMask = 2147483647;
			files = (
			);
			runOnlyForDeploymentPostprocessing = 0;
		};
		4AA23AC42D335D92004EBAE1 /* Frameworks */ = {
			isa = PBXFrameworksBuildPhase;
			buildActionMask = 2147483647;
			files = (
			);
			runOnlyForDeploymentPostprocessing = 0;
		};
/* End PBXFrameworksBuildPhase section */

/* Begin PBXGroup section */
		4AA23AA32D335D90004EBAE1 = {
			isa = PBXGroup;
			children = (
				4A73CFC62D366F3900B46FDE /* WPMtrackerModel.xcdatamodeld */,
				4AA23AAE2D335D90004EBAE1 /* scrolltest */,
				4AA23AC02D335D92004EBAE1 /* scrolltestTests */,
				4AA23ACA2D335D92004EBAE1 /* scrolltestUITests */,
				4AA23AAD2D335D90004EBAE1 /* Products */,
			);
			sourceTree = "<group>";
		};
		4AA23AAD2D335D90004EBAE1 /* Products */ = {
			isa = PBXGroup;
			children = (
				4AA23AAC2D335D90004EBAE1 /* scrolltest.app */,
				4AA23ABD2D335D92004EBAE1 /* scrolltestTests.xctest */,
				4AA23AC72D335D92004EBAE1 /* scrolltestUITests.xctest */,
			);
			name = Products;
			sourceTree = "<group>";
		};
		4AA23AAE2D335D90004EBAE1 /* scrolltest */ = {
			isa = PBXGroup;
			children = (
				4A73CFC92D36746200B46FDE /* PreviewPersistentContainer.swift */,
				4A73CFC02D3663B600B46FDE /* HIDKeyboardMonitor.swift */,
				4AA23AAF2D335D90004EBAE1 /* scrolltestApp.swift */,
				4AA23AB12D335D90004EBAE1 /* ContentView.swift */,
				4A73CFC42D366F2300B46FDE /* CoreDataHelpers.swift */,
				4A1826992D369AB800C6878F /* AppDelegate.swift */,
				4A1826972D369A5E00C6878F /* Assets.xcassets */,
				4AA23AB82D335D92004EBAE1 /* scrolltest.entitlements */,
				4AA23AB52D335D92004EBAE1 /* Preview Content */,
			);
			path = scrolltest;
			sourceTree = "<group>";
		};
		4AA23AB52D335D92004EBAE1 /* Preview Content */ = {
			isa = PBXGroup;
			children = (
				4AA23AB62D335D92004EBAE1 /* Preview Assets.xcassets */,
			);
			path = "Preview Content";
			sourceTree = "<group>";
		};
		4AA23AC02D335D92004EBAE1 /* scrolltestTests */ = {
			isa = PBXGroup;
			children = (
				4AA23AC12D335D92004EBAE1 /* scrolltestTests.swift */,
			);
			path = scrolltestTests;
			sourceTree = "<group>";
		};
		4AA23ACA2D335D92004EBAE1 /* scrolltestUITests */ = {
			isa = PBXGroup;
			children = (
				4AA23ACB2D335D92004EBAE1 /* scrolltestUITests.swift */,
				4AA23ACD2D335D92004EBAE1 /* scrolltestUITestsLaunchTests.swift */,
			);
			path = scrolltestUITests;
			sourceTree = "<group>";
		};
/* End PBXGroup section */

/* Begin PBXNativeTarget section */
		4AA23AAB2D335D90004EBAE1 /* scrolltest */ = {
			isa = PBXNativeTarget;
			buildConfigurationList = 4AA23AD12D335D92004EBAE1 /* Build configuration list for PBXNativeTarget "scrolltest" */;
			buildPhases = (
				4AA23AA82D335D90004EBAE1 /* Sources */,
				4AA23AA92D335D90004EBAE1 /* Frameworks */,
				4AA23AAA2D335D90004EBAE1 /* Resources */,
			);
			buildRules = (
			);
			dependencies = (
			);
			name = scrolltest;
			productName = scrolltest;
			productReference = 4AA23AAC2D335D90004EBAE1 /* scrolltest.app */;
			productType = "com.apple.product-type.application";
		};
		4AA23ABC2D335D92004EBAE1 /* scrolltestTests */ = {
			isa = PBXNativeTarget;
			buildConfigurationList = 4AA23AD42D335D92004EBAE1 /* Build configuration list for PBXNativeTarget "scrolltestTests" */;
			buildPhases = (
				4AA23AB92D335D92004EBAE1 /* Sources */,
				4AA23ABA2D335D92004EBAE1 /* Frameworks */,
				4AA23ABB2D335D92004EBAE1 /* Resources */,
			);
			buildRules = (
			);
			dependencies = (
				4AA23ABF2D335D92004EBAE1 /* PBXTargetDependency */,
			);
			name = scrolltestTests;
			productName = scrolltestTests;
			productReference = 4AA23ABD2D335D92004EBAE1 /* scrolltestTests.xctest */;
			productType = "com.apple.product-type.bundle.unit-test";
		};
		4AA23AC62D335D92004EBAE1 /* scrolltestUITests */ = {
			isa = PBXNativeTarget;
			buildConfigurationList = 4AA23AD72D335D92004EBAE1 /* Build configuration list for PBXNativeTarget "scrolltestUITests" */;
			buildPhases = (
				4AA23AC32D335D92004EBAE1 /* Sources */,
				4AA23AC42D335D92004EBAE1 /* Frameworks */,
				4AA23AC52D335D92004EBAE1 /* Resources */,
			);
			buildRules = (
			);
			dependencies = (
				4AA23AC92D335D92004EBAE1 /* PBXTargetDependency */,
			);
			name = scrolltestUITests;
			productName = scrolltestUITests;
			productReference = 4AA23AC72D335D92004EBAE1 /* scrolltestUITests.xctest */;
			productType = "com.apple.product-type.bundle.ui-testing";
		};
/* End PBXNativeTarget section */

/* Begin PBXProject section */
		4AA23AA42D335D90004EBAE1 /* Project object */ = {
			isa = PBXProject;
			attributes = {
				BuildIndependentTargetsInParallel = 1;
				LastSwiftUpdateCheck = 1540;
				LastUpgradeCheck = 1540;
				TargetAttributes = {
					4AA23AAB2D335D90004EBAE1 = {
						CreatedOnToolsVersion = 15.4;
					};
					4AA23ABC2D335D92004EBAE1 = {
						CreatedOnToolsVersion = 15.4;
						TestTargetID = 4AA23AAB2D335D90004EBAE1;
					};
					4AA23AC62D335D92004EBAE1 = {
						CreatedOnToolsVersion = 15.4;
						TestTargetID = 4AA23AAB2D335D90004EBAE1;
					};
				};
			};
			buildConfigurationList = 4AA23AA72D335D90004EBAE1 /* Build configuration list for PBXProject "scrolltest" */;
			compatibilityVersion = "Xcode 14.0";
			developmentRegion = en;
			hasScannedForEncodings = 0;
			knownRegions = (
				en,
				Base,
			);
			mainGroup = 4AA23AA32D335D90004EBAE1;
			productRefGroup = 4AA23AAD2D335D90004EBAE1 /* Products */;
			projectDirPath = "";
			projectRoot = "";
			targets = (
				4AA23AAB2D335D90004EBAE1 /* scrolltest */,
				4AA23ABC2D335D92004EBAE1 /* scrolltestTests */,
				4AA23AC62D335D92004EBAE1 /* scrolltestUITests */,
			);
		};
/* End PBXProject section */

/* Begin PBXResourcesBuildPhase section */
		4AA23AAA2D335D90004EBAE1 /* Resources */ = {
			isa = PBXResourcesBuildPhase;
			buildActionMask = 2147483647;
			files = (
				4AA23AB72D335D92004EBAE1 /* Preview Assets.xcassets in Resources */,
				4A1826982D369A5F00C6878F /* Assets.xcassets in Resources */,
			);
			runOnlyForDeploymentPostprocessing = 0;
		};
		4AA23ABB2D335D92004EBAE1 /* Resources */ = {
			isa = PBXResourcesBuildPhase;
			buildActionMask = 2147483647;
			files = (
			);
			runOnlyForDeploymentPostprocessing = 0;
		};
		4AA23AC52D335D92004EBAE1 /* Resources */ = {
			isa = PBXResourcesBuildPhase;
			buildActionMask = 2147483647;
			files = (
			);
			runOnlyForDeploymentPostprocessing = 0;
		};
/* End PBXResourcesBuildPhase section */

/* Begin PBXSourcesBuildPhase section */
		4AA23AA82D335D90004EBAE1 /* Sources */ = {
			isa = PBXSourcesBuildPhase;
			buildActionMask = 2147483647;
			files = (
				4AA23AB22D335D90004EBAE1 /* ContentView.swift in Sources */,
				4A73CFC12D3663B600B46FDE /* HIDKeyboardMonitor.swift in Sources */,
				4A73CFCA2D36746200B46FDE /* PreviewPersistentContainer.swift in Sources */,
				4A73CFC52D366F2300B46FDE /* CoreDataHelpers.swift in Sources */,
				4A18269A2D369AB800C6878F /* AppDelegate.swift in Sources */,
				4AA23AB02D335D90004EBAE1 /* scrolltestApp.swift in Sources */,
				4A73CFC82D366F3900B46FDE /* WPMtrackerModel.xcdatamodeld in Sources */,
			);
			runOnlyForDeploymentPostprocessing = 0;
		};
		4AA23AB92D335D92004EBAE1 /* Sources */ = {
			isa = PBXSourcesBuildPhase;
			buildActionMask = 2147483647;
			files = (
				4AA23AC22D335D92004EBAE1 /* scrolltestTests.swift in Sources */,
			);
			runOnlyForDeploymentPostprocessing = 0;
		};
		4AA23AC32D335D92004EBAE1 /* Sources */ = {
			isa = PBXSourcesBuildPhase;
			buildActionMask = 2147483647;
			files = (
				4AA23ACC2D335D92004EBAE1 /* scrolltestUITests.swift in Sources */,
				4AA23ACE2D335D92004EBAE1 /* scrolltestUITestsLaunchTests.swift in Sources */,
			);
			runOnlyForDeploymentPostprocessing = 0;
		};
/* End PBXSourcesBuildPhase section */

/* Begin PBXTargetDependency section */
		4AA23ABF2D335D92004EBAE1 /* PBXTargetDependency */ = {
			isa = PBXTargetDependency;
			target = 4AA23AAB2D335D90004EBAE1 /* scrolltest */;
			targetProxy = 4AA23ABE2D335D92004EBAE1 /* PBXContainerItemProxy */;
		};
		4AA23AC92D335D92004EBAE1 /* PBXTargetDependency */ = {
			isa = PBXTargetDependency;
			target = 4AA23AAB2D335D90004EBAE1 /* scrolltest */;
			targetProxy = 4AA23AC82D335D92004EBAE1 /* PBXContainerItemProxy */;
		};
/* End PBXTargetDependency section */

/* Begin XCBuildConfiguration section */
		4AA23ACF2D335D92004EBAE1 /* Debug */ = {
			isa = XCBuildConfiguration;
			buildSettings = {
				ALWAYS_SEARCH_USER_PATHS = NO;
				ASSETCATALOG_COMPILER_GENERATE_SWIFT_ASSET_SYMBOL_EXTENSIONS = YES;
				CLANG_ANALYZER_NONNULL = YES;
				CLANG_ANALYZER_NUMBER_OBJECT_CONVERSION = YES_AGGRESSIVE;
				CLANG_CXX_LANGUAGE_STANDARD = "gnu++20";
				CLANG_ENABLE_MODULES = YES;
				CLANG_ENABLE_OBJC_ARC = YES;
				CLANG_ENABLE_OBJC_WEAK = YES;
				CLANG_WARN_BLOCK_CAPTURE_AUTORELEASING = YES;
				CLANG_WARN_BOOL_CONVERSION = YES;
				CLANG_WARN_COMMA = YES;
				CLANG_WARN_CONSTANT_CONVERSION = YES;
				CLANG_WARN_DEPRECATED_OBJC_IMPLEMENTATIONS = YES;
				CLANG_WARN_DIRECT_OBJC_ISA_USAGE = YES_ERROR;
				CLANG_WARN_DOCUMENTATION_COMMENTS = YES;
				CLANG_WARN_EMPTY_BODY = YES;
				CLANG_WARN_ENUM_CONVERSION = YES;
				CLANG_WARN_INFINITE_RECURSION = YES;
				CLANG_WARN_INT_CONVERSION = YES;
				CLANG_WARN_NON_LITERAL_NULL_CONVERSION = YES;
				CLANG_WARN_OBJC_IMPLICIT_RETAIN_SELF = YES;
				CLANG_WARN_OBJC_LITERAL_CONVERSION = YES;
				CLANG_WARN_OBJC_ROOT_CLASS = YES_ERROR;
				CLANG_WARN_QUOTED_INCLUDE_IN_FRAMEWORK_HEADER = YES;
				CLANG_WARN_RANGE_LOOP_ANALYSIS = YES;
				CLANG_WARN_STRICT_PROTOTYPES = YES;
				CLANG_WARN_SUSPICIOUS_MOVE = YES;
				CLANG_WARN_UNGUARDED_AVAILABILITY = YES_AGGRESSIVE;
				CLANG_WARN_UNREACHABLE_CODE = YES;
				CLANG_WARN__DUPLICATE_METHOD_MATCH = YES;
				COPY_PHASE_STRIP = NO;
				DEBUG_INFORMATION_FORMAT = dwarf;
				ENABLE_STRICT_OBJC_MSGSEND = YES;
				ENABLE_TESTABILITY = YES;
				ENABLE_USER_SCRIPT_SANDBOXING = YES;
				GCC_C_LANGUAGE_STANDARD = gnu17;
				GCC_DYNAMIC_NO_PIC = NO;
				GCC_NO_COMMON_BLOCKS = YES;
				GCC_OPTIMIZATION_LEVEL = 0;
				GCC_PREPROCESSOR_DEFINITIONS = (
					"DEBUG=1",
					"$(inherited)",
				);
				GCC_WARN_64_TO_32_BIT_CONVERSION = YES;
				GCC_WARN_ABOUT_RETURN_TYPE = YES_ERROR;
				GCC_WARN_UNDECLARED_SELECTOR = YES;
				GCC_WARN_UNINITIALIZED_AUTOS = YES_AGGRESSIVE;
				GCC_WARN_UNUSED_FUNCTION = YES;
				GCC_WARN_UNUSED_VARIABLE = YES;
				LOCALIZATION_PREFERS_STRING_CATALOGS = YES;
				MACOSX_DEPLOYMENT_TARGET = 14.3;
				MTL_ENABLE_DEBUG_INFO = INCLUDE_SOURCE;
				MTL_FAST_MATH = YES;
				ONLY_ACTIVE_ARCH = YES;
				SDKROOT = macosx;
				SWIFT_ACTIVE_COMPILATION_CONDITIONS = "DEBUG $(inherited)";
				SWIFT_OPTIMIZATION_LEVEL = "-Onone";
			};
			name = Debug;
		};
		4AA23AD02D335D92004EBAE1 /* Release */ = {
			isa = XCBuildConfiguration;
			buildSettings = {
				ALWAYS_SEARCH_USER_PATHS = NO;
				ASSETCATALOG_COMPILER_GENERATE_SWIFT_ASSET_SYMBOL_EXTENSIONS = YES;
				CLANG_ANALYZER_NONNULL = YES;
				CLANG_ANALYZER_NUMBER_OBJECT_CONVERSION = YES_AGGRESSIVE;
				CLANG_CXX_LANGUAGE_STANDARD = "gnu++20";
				CLANG_ENABLE_MODULES = YES;
				CLANG_ENABLE_OBJC_ARC = YES;
				CLANG_ENABLE_OBJC_WEAK = YES;
				CLANG_WARN_BLOCK_CAPTURE_AUTORELEASING = YES;
				CLANG_WARN_BOOL_CONVERSION = YES;
				CLANG_WARN_COMMA = YES;
				CLANG_WARN_CONSTANT_CONVERSION = YES;
				CLANG_WARN_DEPRECATED_OBJC_IMPLEMENTATIONS = YES;
				CLANG_WARN_DIRECT_OBJC_ISA_USAGE = YES_ERROR;
				CLANG_WARN_DOCUMENTATION_COMMENTS = YES;
				CLANG_WARN_EMPTY_BODY = YES;
				CLANG_WARN_ENUM_CONVERSION = YES;
				CLANG_WARN_INFINITE_RECURSION = YES;
				CLANG_WARN_INT_CONVERSION = YES;
				CLANG_WARN_NON_LITERAL_NULL_CONVERSION = YES;
				CLANG_WARN_OBJC_IMPLICIT_RETAIN_SELF = YES;
				CLANG_WARN_OBJC_LITERAL_CONVERSION = YES;
				CLANG_WARN_OBJC_ROOT_CLASS = YES_ERROR;
				CLANG_WARN_QUOTED_INCLUDE_IN_FRAMEWORK_HEADER = YES;
				CLANG_WARN_RANGE_LOOP_ANALYSIS = YES;
				CLANG_WARN_STRICT_PROTOTYPES = YES;
				CLANG_WARN_SUSPICIOUS_MOVE = YES;
				CLANG_WARN_UNGUARDED_AVAILABILITY = YES_AGGRESSIVE;
				CLANG_WARN_UNREACHABLE_CODE = YES;
				CLANG_WARN__DUPLICATE_METHOD_MATCH = YES;
				COPY_PHASE_STRIP = NO;
				DEBUG_INFORMATION_FORMAT = "dwarf-with-dsym";
				ENABLE_NS_ASSERTIONS = NO;
				ENABLE_STRICT_OBJC_MSGSEND = YES;
				ENABLE_USER_SCRIPT_SANDBOXING = YES;
				GCC_C_LANGUAGE_STANDARD = gnu17;
				GCC_NO_COMMON_BLOCKS = YES;
				GCC_WARN_64_TO_32_BIT_CONVERSION = YES;
				GCC_WARN_ABOUT_RETURN_TYPE = YES_ERROR;
				GCC_WARN_UNDECLARED_SELECTOR = YES;
				GCC_WARN_UNINITIALIZED_AUTOS = YES_AGGRESSIVE;
				GCC_WARN_UNUSED_FUNCTION = YES;
				GCC_WARN_UNUSED_VARIABLE = YES;
				LOCALIZATION_PREFERS_STRING_CATALOGS = YES;
				MACOSX_DEPLOYMENT_TARGET = 14.3;
				MTL_ENABLE_DEBUG_INFO = NO;
				MTL_FAST_MATH = YES;
				SDKROOT = macosx;
				SWIFT_COMPILATION_MODE = wholemodule;
			};
			name = Release;
		};
		4AA23AD22D335D92004EBAE1 /* Debug */ = {
			isa = XCBuildConfiguration;
			buildSettings = {
				ASSETCATALOG_COMPILER_APPICON_NAME = AppIcon;
				ASSETCATALOG_COMPILER_GLOBAL_ACCENT_COLOR_NAME = AccentColor;
				CODE_SIGN_ENTITLEMENTS = scrolltest/scrolltest.entitlements;
				"CODE_SIGN_IDENTITY[sdk=macosx*]" = "Apple Development";
				CODE_SIGN_STYLE = Automatic;
				COMBINE_HIDPI_IMAGES = YES;
				CURRENT_PROJECT_VERSION = 1;
				DEVELOPMENT_ASSET_PATHS = "\"scrolltest/Preview Content\"";
				DEVELOPMENT_TEAM = V82SJKN2XC;
				ENABLE_HARDENED_RUNTIME = YES;
				ENABLE_PREVIEWS = YES;
				GENERATE_INFOPLIST_FILE = YES;
				INFOPLIST_KEY_NSHumanReadableCopyright = "";
				LD_RUNPATH_SEARCH_PATHS = (
					"$(inherited)",
					"@executable_path/../Frameworks",
				);
				MARKETING_VERSION = 1.0;
				PRODUCT_BUNDLE_IDENTIFIER = queenellie.scrolltest;
				PRODUCT_NAME = "$(TARGET_NAME)";
				SWIFT_EMIT_LOC_STRINGS = YES;
				SWIFT_VERSION = 5.0;
			};
			name = Debug;
		};
		4AA23AD32D335D92004EBAE1 /* Release */ = {
			isa = XCBuildConfiguration;
			buildSettings = {
				ASSETCATALOG_COMPILER_APPICON_NAME = AppIcon;
				ASSETCATALOG_COMPILER_GLOBAL_ACCENT_COLOR_NAME = AccentColor;
				CODE_SIGN_ENTITLEMENTS = scrolltest/scrolltest.entitlements;
				"CODE_SIGN_IDENTITY[sdk=macosx*]" = "Apple Development";
				CODE_SIGN_STYLE = Automatic;
				COMBINE_HIDPI_IMAGES = YES;
				CURRENT_PROJECT_VERSION = 1;
				DEVELOPMENT_ASSET_PATHS = "\"scrolltest/Preview Content\"";
				DEVELOPMENT_TEAM = V82SJKN2XC;
				ENABLE_HARDENED_RUNTIME = YES;
				ENABLE_PREVIEWS = YES;
				GENERATE_INFOPLIST_FILE = YES;
				INFOPLIST_KEY_NSHumanReadableCopyright = "";
				LD_RUNPATH_SEARCH_PATHS = (
					"$(inherited)",
					"@executable_path/../Frameworks",
				);
				MARKETING_VERSION = 1.0;
				PRODUCT_BUNDLE_IDENTIFIER = queenellie.scrolltest;
				PRODUCT_NAME = "$(TARGET_NAME)";
				SWIFT_EMIT_LOC_STRINGS = YES;
				SWIFT_VERSION = 5.0;
			};
			name = Release;
		};
		4AA23AD52D335D92004EBAE1 /* Debug */ = {
			isa = XCBuildConfiguration;
			buildSettings = {
				ALWAYS_EMBED_SWIFT_STANDARD_LIBRARIES = YES;
				BUNDLE_LOADER = "$(TEST_HOST)";
				CODE_SIGN_STYLE = Automatic;
				CURRENT_PROJECT_VERSION = 1;
				DEVELOPMENT_TEAM = V82SJKN2XC;
				GENERATE_INFOPLIST_FILE = YES;
				MACOSX_DEPLOYMENT_TARGET = 14.3;
				MARKETING_VERSION = 1.0;
				PRODUCT_BUNDLE_IDENTIFIER = queenellie.scrolltestTests;
				PRODUCT_NAME = "$(TARGET_NAME)";
				SWIFT_EMIT_LOC_STRINGS = NO;
				SWIFT_VERSION = 5.0;
				TEST_HOST = "$(BUILT_PRODUCTS_DIR)/scrolltest.app/$(BUNDLE_EXECUTABLE_FOLDER_PATH)/scrolltest";
			};
			name = Debug;
		};
		4AA23AD62D335D92004EBAE1 /* Release */ = {
			isa = XCBuildConfiguration;
			buildSettings = {
				ALWAYS_EMBED_SWIFT_STANDARD_LIBRARIES = YES;
				BUNDLE_LOADER = "$(TEST_HOST)";
				CODE_SIGN_STYLE = Automatic;
				CURRENT_PROJECT_VERSION = 1;
				DEVELOPMENT_TEAM = V82SJKN2XC;
				GENERATE_INFOPLIST_FILE = YES;
				MACOSX_DEPLOYMENT_TARGET = 14.3;
				MARKETING_VERSION = 1.0;
				PRODUCT_BUNDLE_IDENTIFIER = queenellie.scrolltestTests;
				PRODUCT_NAME = "$(TARGET_NAME)";
				SWIFT_EMIT_LOC_STRINGS = NO;
				SWIFT_VERSION = 5.0;
				TEST_HOST = "$(BUILT_PRODUCTS_DIR)/scrolltest.app/$(BUNDLE_EXECUTABLE_FOLDER_PATH)/scrolltest";
			};
			name = Release;
		};
		4AA23AD82D335D92004EBAE1 /* Debug */ = {
			isa = XCBuildConfiguration;
			buildSettings = {
				ALWAYS_EMBED_SWIFT_STANDARD_LIBRARIES = YES;
				CODE_SIGN_STYLE = Automatic;
				CURRENT_PROJECT_VERSION = 1;
				DEVELOPMENT_TEAM = V82SJKN2XC;
				GENERATE_INFOPLIST_FILE = YES;
				MARKETING_VERSION = 1.0;
				PRODUCT_BUNDLE_IDENTIFIER = queenellie.scrolltestUITests;
				PRODUCT_NAME = "$(TARGET_NAME)";
				SWIFT_EMIT_LOC_STRINGS = NO;
				SWIFT_VERSION = 5.0;
				TEST_TARGET_NAME = scrolltest;
			};
			name = Debug;
		};
		4AA23AD92D335D92004EBAE1 /* Release */ = {
			isa = XCBuildConfiguration;
			buildSettings = {
				ALWAYS_EMBED_SWIFT_STANDARD_LIBRARIES = YES;
				CODE_SIGN_STYLE = Automatic;
				CURRENT_PROJECT_VERSION = 1;
				DEVELOPMENT_TEAM = V82SJKN2XC;
				GENERATE_INFOPLIST_FILE = YES;
				MARKETING_VERSION = 1.0;
				PRODUCT_BUNDLE_IDENTIFIER = queenellie.scrolltestUITests;
				PRODUCT_NAME = "$(TARGET_NAME)";
				SWIFT_EMIT_LOC_STRINGS = NO;
				SWIFT_VERSION = 5.0;
				TEST_TARGET_NAME = scrolltest;
			};
			name = Release;
		};
/* End XCBuildConfiguration section */

/* Begin XCConfigurationList section */
		4AA23AA72D335D90004EBAE1 /* Build configuration list for PBXProject "scrolltest" */ = {
			isa = XCConfigurationList;
			buildConfigurations = (
				4AA23ACF2D335D92004EBAE1 /* Debug */,
				4AA23AD02D335D92004EBAE1 /* Release */,
			);
			defaultConfigurationIsVisible = 0;
			defaultConfigurationName = Release;
		};
		4AA23AD12D335D92004EBAE1 /* Build configuration list for PBXNativeTarget "scrolltest" */ = {
			isa = XCConfigurationList;
			buildConfigurations = (
				4AA23AD22D335D92004EBAE1 /* Debug */,
				4AA23AD32D335D92004EBAE1 /* Release */,
			);
			defaultConfigurationIsVisible = 0;
			defaultConfigurationName = Release;
		};
		4AA23AD42D335D92004EBAE1 /* Build configuration list for PBXNativeTarget "scrolltestTests" */ = {
			isa = XCConfigurationList;
			buildConfigurations = (
				4AA23AD52D335D92004EBAE1 /* Debug */,
				4AA23AD62D335D92004EBAE1 /* Release */,
			);
			defaultConfigurationIsVisible = 0;
			defaultConfigurationName = Release;
		};
		4AA23AD72D335D92004EBAE1 /* Build configuration list for PBXNativeTarget "scrolltestUITests" */ = {
			isa = XCConfigurationList;
			buildConfigurations = (
				4AA23AD82D335D92004EBAE1 /* Debug */,
				4AA23AD92D335D92004EBAE1 /* Release */,
			);
			defaultConfigurationIsVisible = 0;
			defaultConfigurationName = Release;
		};
/* End XCConfigurationList section */

/* Begin XCVersionGroup section */
		4A73CFC62D366F3900B46FDE /* WPMtrackerModel.xcdatamodeld */ = {
			isa = XCVersionGroup;
			children = (
				4A73CFC72D366F3900B46FDE /* WPMtrackerModel.xcdatamodel */,
			);
			currentVersion = 4A73CFC72D366F3900B46FDE /* WPMtrackerModel.xcdatamodel */;
			name = WPMtrackerModel.xcdatamodeld;
			path = /Users/queenellie/Documents/wpm/scrolltest/scrolltest/WPMtrackerModel.xcdatamodeld;
			sourceTree = "<group>";
			versionGroupType = wrapper.xcdatamodel;
		};
/* End XCVersionGroup section */
	};
	rootObject = 4AA23AA42D335D90004EBAE1 /* Project object */;
}
